{
  "originHash" : "6632899c7fd6149786a9892f41055067cad9dd2e00f341d140084e3e6233c4d4",
  "pins" : [
    {
      "identity" : "swift-confidential",
      "kind" : "remoteSourceControl",
      "location" : "https://github.com/MxIris-Library-Forks/swift-confidential.git",
      "state" : {
        "revision" : "0e3e84cc18ffb4b39c4e51d9deacc3007e5fc67b",
        "version" : "0.5.100"
      }
    },
    {
      "identity" : "swift-syntax",
      "kind" : "remoteSourceControl",
      "location" : "https://github.com/swiftlang/swift-syntax.git",
      "state" : {
        "revision" : "9de99a78f099e59caf2b2beec65a4c45d54b2081",
        "version" : "603.0.1"
      }
    }
  ],
  "version" : 3
}
